
Microsoft Visual Studio Solution File, Format Version 12.00
Project("{2150E333-8FDC-42A3-9474-1A3956D46DE8}") = "Modules", "Modules", "{4C3467F9-820D-42CE-9FF4-CB5346242A46}"
EndProject
Project("{2150E333-8FDC-42A3-9474-1A3956D46DE8}") = "NotificationService", "NotificationService", "{5CA8404B-8B51-456F-A190-83653C5217DB}"
EndProject
Project("{2150E333-8FDC-42A3-9474-1A3956D46DE8}") = "AuditlogService", "AuditlogService", "{0CB058C5-883E-4283-8C29-CE86AA42E2BD}"
EndProject
Project("{2150E333-8FDC-42A3-9474-1A3956D46DE8}") = "LoosesService", "LoosesService", "{3BA3016D-67A2-41E3-9C34-31E8A92D9B21}"
EndProject
Project("{FAE04EC0-301F-11D3-BF4B-00C04F79EFBC}") = "Looses.Infrastructure", "Looses.Infrastructure\Looses.Infrastructure.csproj", "{424CFC06-A8F0-49FC-938B-FAD3D0A7833B}"
EndProject
Project("{FAE04EC0-301F-11D3-BF4B-00C04F79EFBC}") = "Looses.Domain", "Looses.Domain\Looses.Domain.csproj", "{4C621664-E333-406B-803F-B0029D83420C}"
EndProject
Project("{FAE04EC0-301F-11D3-BF4B-00C04F79EFBC}") = "Looses.Application", "Looses.Application\Looses.Application.csproj", "{AB370F30-A42A-4B57-AD6C-C46755BBB424}"
EndProject
Project("{FAE04EC0-301F-11D3-BF4B-00C04F79EFBC}") = "Looses.Api", "Looses.Api\Looses.Api.csproj", "{50EB8193-7C41-4BA9-B881-EF4D8219172B}"
EndProject
Project("{FAE04EC0-301F-11D3-BF4B-00C04F79EFBC}") = "Looses.Shared", "Looses.Shared\Looses.Shared.csproj", "{64A3E82C-8E95-43E8-8355-57AB8C412F1B}"
EndProject
Project("{FAE04EC0-301F-11D3-BF4B-00C04F79EFBC}") = "Looses.Shared.Abstraction", "Looses.Shared.Abstraction\Looses.Shared.Abstraction.csproj", "{C5CFA427-09A2-40D2-93D1-BBA68544FF47}"
EndProject
Project("{FAE04EC0-301F-11D3-BF4B-00C04F79EFBC}") = "Looses.Web", "..\..\Test\Looses.Web\Looses.Web.csproj", "{9BBF8BE3-1098-4AA2-AF33-AD5CF1085157}"
EndProject
Global
	GlobalSection(SolutionConfigurationPlatforms) = preSolution
		Debug|Any CPU = Debug|Any CPU
		Release|Any CPU = Release|Any CPU
	EndGlobalSection
	GlobalSection(NestedProjects) = preSolution
		{5CA8404B-8B51-456F-A190-83653C5217DB} = {4C3467F9-820D-42CE-9FF4-CB5346242A46}
		{0CB058C5-883E-4283-8C29-CE86AA42E2BD} = {4C3467F9-820D-42CE-9FF4-CB5346242A46}
		{3BA3016D-67A2-41E3-9C34-31E8A92D9B21} = {4C3467F9-820D-42CE-9FF4-CB5346242A46}
		{424CFC06-A8F0-49FC-938B-FAD3D0A7833B} = {3BA3016D-67A2-41E3-9C34-31E8A92D9B21}
		{4C621664-E333-406B-803F-B0029D83420C} = {3BA3016D-67A2-41E3-9C34-31E8A92D9B21}
		{AB370F30-A42A-4B57-AD6C-C46755BBB424} = {3BA3016D-67A2-41E3-9C34-31E8A92D9B21}
		{50EB8193-7C41-4BA9-B881-EF4D8219172B} = {3BA3016D-67A2-41E3-9C34-31E8A92D9B21}
		{64A3E82C-8E95-43E8-8355-57AB8C412F1B} = {3BA3016D-67A2-41E3-9C34-31E8A92D9B21}
		{C5CFA427-09A2-40D2-93D1-BBA68544FF47} = {3BA3016D-67A2-41E3-9C34-31E8A92D9B21}
		{9BBF8BE3-1098-4AA2-AF33-AD5CF1085157} = {3BA3016D-67A2-41E3-9C34-31E8A92D9B21}
	EndGlobalSection
	GlobalSection(ProjectConfigurationPlatforms) = postSolution
		{424CFC06-A8F0-49FC-938B-FAD3D0A7833B}.Debug|Any CPU.ActiveCfg = Debug|Any CPU
		{424CFC06-A8F0-49FC-938B-FAD3D0A7833B}.Debug|Any CPU.Build.0 = Debug|Any CPU
		{424CFC06-A8F0-49FC-938B-FAD3D0A7833B}.Release|Any CPU.ActiveCfg = Release|Any CPU
		{424CFC06-A8F0-49FC-938B-FAD3D0A7833B}.Release|Any CPU.Build.0 = Release|Any CPU
		{4C621664-E333-406B-803F-B0029D83420C}.Debug|Any CPU.ActiveCfg = Debug|Any CPU
		{4C621664-E333-406B-803F-B0029D83420C}.Debug|Any CPU.Build.0 = Debug|Any CPU
		{4C621664-E333-406B-803F-B0029D83420C}.Release|Any CPU.ActiveCfg = Release|Any CPU
		{4C621664-E333-406B-803F-B0029D83420C}.Release|Any CPU.Build.0 = Release|Any CPU
		{AB370F30-A42A-4B57-AD6C-C46755BBB424}.Debug|Any CPU.ActiveCfg = Debug|Any CPU
		{AB370F30-A42A-4B57-AD6C-C46755BBB424}.Debug|Any CPU.Build.0 = Debug|Any CPU
		{AB370F30-A42A-4B57-AD6C-C46755BBB424}.Release|Any CPU.ActiveCfg = Release|Any CPU
		{AB370F30-A42A-4B57-AD6C-C46755BBB424}.Release|Any CPU.Build.0 = Release|Any CPU
		{50EB8193-7C41-4BA9-B881-EF4D8219172B}.Debug|Any CPU.ActiveCfg = Debug|Any CPU
		{50EB8193-7C41-4BA9-B881-EF4D8219172B}.Debug|Any CPU.Build.0 = Debug|Any CPU
		{50EB8193-7C41-4BA9-B881-EF4D8219172B}.Release|Any CPU.ActiveCfg = Release|Any CPU
		{50EB8193-7C41-4BA9-B881-EF4D8219172B}.Release|Any CPU.Build.0 = Release|Any CPU
		{64A3E82C-8E95-43E8-8355-57AB8C412F1B}.Debug|Any CPU.ActiveCfg = Debug|Any CPU
		{64A3E82C-8E95-43E8-8355-57AB8C412F1B}.Debug|Any CPU.Build.0 = Debug|Any CPU
		{64A3E82C-8E95-43E8-8355-57AB8C412F1B}.Release|Any CPU.ActiveCfg = Release|Any CPU
		{64A3E82C-8E95-43E8-8355-57AB8C412F1B}.Release|Any CPU.Build.0 = Release|Any CPU
		{C5CFA427-09A2-40D2-93D1-BBA68544FF47}.Debug|Any CPU.ActiveCfg = Debug|Any CPU
		{C5CFA427-09A2-40D2-93D1-BBA68544FF47}.Debug|Any CPU.Build.0 = Debug|Any CPU
		{C5CFA427-09A2-40D2-93D1-BBA68544FF47}.Release|Any CPU.ActiveCfg = Release|Any CPU
		{C5CFA427-09A2-40D2-93D1-BBA68544FF47}.Release|Any CPU.Build.0 = Release|Any CPU
		{9BBF8BE3-1098-4AA2-AF33-AD5CF1085157}.Debug|Any CPU.ActiveCfg = Debug|Any CPU
		{9BBF8BE3-1098-4AA2-AF33-AD5CF1085157}.Debug|Any CPU.Build.0 = Debug|Any CPU
		{9BBF8BE3-1098-4AA2-AF33-AD5CF1085157}.Release|Any CPU.ActiveCfg = Release|Any CPU
		{9BBF8BE3-1098-4AA2-AF33-AD5CF1085157}.Release|Any CPU.Build.0 = Release|Any CPU
	EndGlobalSection
EndGlobal
